// !$*UTF8*$!
{
	archiveVersion = 1;
	classes = {
	};
	objectVersion = 77;
	objects = {

/* Begin PBXContainerItemProxy section */
		FFBC5C2A2E06152F00DF78C5 /* PBXContainerItemProxy */ = {
			isa = PBXContainerItemProxy;
			containerPortal = FFBC5C142E06152E00DF78C5 /* Project object */;
			proxyType = 1;
			remoteGlobalIDString = FFBC5C1B2E06152E00DF78C5;
			remoteInfo = Football;
		};
		FFBC5C342E06152F00DF78C5 /* PBXContainerItemProxy */ = {
			isa = PBXContainerItemProxy;
			containerPortal = FFBC5C142E06152E00DF78C5 /* Project object */;
			proxyType = 1;
			remoteGlobalIDString = FFBC5C1B2E06152E00DF78C5;
			remoteInfo = Football;
		};
/* End PBXContainerItemProxy section */

/* Begin PBXFileReference section */
		FFBC5C1C2E06152E00DF78C5 /* Football.app */ = {isa = PBXFileReference; explicitFileType = wrapper.application; includeInIndex = 0; path = Football.app; sourceTree = BUILT_PRODUCTS_DIR; };
		FFBC5C292E06152F00DF78C5 /* FootballTests.xctest */ = {isa = PBXFileReference; explicitFileType = wrapper.cfbundle; includeInIndex = 0; path = FootballTests.xctest; sourceTree = BUILT_PRODUCTS_DIR; };
		FFBC5C332E06152F00DF78C5 /* FootballUITests.xctest */ = {isa = PBXFileReference; explicitFileType = wrapper.cfbundle; includeInIndex = 0; path = FootballUITests.xctest; sourceTree = BUILT_PRODUCTS_DIR; };
/* End PBXFileReference section */

/* Begin PBXFileSystemSynchronizedRootGroup section */
		FFBC5C1E2E06152E00DF78C5 /* Football */ = {
			isa = PBXFileSystemSynchronizedRootGroup;
			path = Football;
			sourceTree = "<group>";
		};
		FFBC5C2C2E06152F00DF78C5 /* FootballTests */ = {
			isa = PBXFileSystemSynchronizedRootGroup;
			path = FootballTests;
			sourceTree = "<group>";
		};
		FFBC5C362E06152F00DF78C5 /* FootballUITests */ = {
			isa = PBXFileSystemSynchronizedRootGroup;
			path = FootballUITests;
			sourceTree = "<group>";
		};
/* End PBXFileSystemSynchronizedRootGroup section */

/* Begin PBXFrameworksBuildPhase section */
		FFBC5C192E06152E00DF78C5 /* Frameworks */ = {
			isa = PBXFrameworksBuildPhase;
			buildActionMask = 2147483647;
			files = (
			);
			runOnlyForDeploymentPostprocessing = 0;
		};
		FFBC5C262E06152F00DF78C5 /* Frameworks */ = {
			isa = PBXFrameworksBuildPhase;
			buildActionMask = 2147483647;
			files = (
			);
			runOnlyForDeploymentPostprocessing = 0;
		};
		FFBC5C302E06152F00DF78C5 /* Frameworks */ = {
			isa = PBXFrameworksBuildPhase;
			buildActionMask = 2147483647;
			files = (
			);
			runOnlyForDeploymentPostprocessing = 0;
		};
/* End PBXFrameworksBuildPhase section */

/* Begin PBXGroup section */
		FFBC5C132E06152E00DF78C5 = {
			isa = PBXGroup;
			children = (
				FFBC5C1E2E06152E00DF78C5 /* Football */,
				FFBC5C2C2E06152F00DF78C5 /* FootballTests */,
				FFBC5C362E06152F00DF78C5 /* FootballUITests */,
				FFBC5C1D2E06152E00DF78C5 /* Products */,
			);
			sourceTree = "<group>";
		};
		FFBC5C1D2E06152E00DF78C5 /* Products */ = {
			isa = PBXGroup;
			children = (
				FFBC5C1C2E06152E00DF78C5 /* Football.app */,
				FFBC5C292E06152F00DF78C5 /* FootballTests.xctest */,
				FFBC5C332E06152F00DF78C5 /* FootballUITests.xctest */,
			);
			name = Products;
			sourceTree = "<group>";
		};
/* End PBXGroup section */

/* Begin PBXNativeTarget section */
		FFBC5C1B2E06152E00DF78C5 /* Football */ = {
			isa = PBXNativeTarget;
			buildConfigurationList = FFBC5C3D2E06152F00DF78C5 /* Build configuration list for PBXNativeTarget "Football" */;
			buildPhases = (
				FFBC5C182E06152E00DF78C5 /* Sources */,
				FFBC5C192E06152E00DF78C5 /* Frameworks */,
				FFBC5C1A2E06152E00DF78C5 /* Resources */,
			);
			buildRules = (
			);
			dependencies = (
			);
			fileSystemSynchronizedGroups = (
				FFBC5C1E2E06152E00DF78C5 /* Football */,
			);
			name = Football;
			packageProductDependencies = (
			);
			productName = Football;
			productReference = FFBC5C1C2E06152E00DF78C5 /* Football.app */;
			productType = "com.apple.product-type.application";
		};
		FFBC5C282E06152F00DF78C5 /* FootballTests */ = {
			isa = PBXNativeTarget;
			buildConfigurationList = FFBC5C402E06152F00DF78C5 /* Build configuration list for PBXNativeTarget "FootballTests" */;
			buildPhases = (
				FFBC5C252E06152F00DF78C5 /* Sources */,
				FFBC5C262E06152F00DF78C5 /* Frameworks */,
				FFBC5C272E06152F00DF78C5 /* Resources */,
			);
			buildRules = (
			);
			dependencies = (
				FFBC5C2B2E06152F00DF78C5 /* PBXTargetDependency */,
			);
			fileSystemSynchronizedGroups = (
				FFBC5C2C2E06152F00DF78C5 /* FootballTests */,
			);
			name = FootballTests;
			packageProductDependencies = (
			);
			productName = FootballTests;
			productReference = FFBC5C292E06152F00DF78C5 /* FootballTests.xctest */;
			productType = "com.apple.product-type.bundle.unit-test";
		};
		FFBC5C322E06152F00DF78C5 /* FootballUITests */ = {
			isa = PBXNativeTarget;
			buildConfigurationList = FFBC5C432E06152F00DF78C5 /* Build configuration list for PBXNativeTarget "FootballUITests" */;
			buildPhases = (
				FFBC5C2F2E06152F00DF78C5 /* Sources */,
				FFBC5C302E06152F00DF78C5 /* Frameworks */,
				FFBC5C312E06152F00DF78C5 /* Resources */,
			);
			buildRules = (
			);
			dependencies = (
				FFBC5C352E06152F00DF78C5 /* PBXTargetDependency */,
			);
			fileSystemSynchronizedGroups = (
				FFBC5C362E06152F00DF78C5 /* FootballUITests */,
			);
			name = FootballUITests;
			packageProductDependencies = (
			);
			productName = FootballUITests;
			productReference = FFBC5C332E06152F00DF78C5 /* FootballUITests.xctest */;
			productType = "com.apple.product-type.bundle.ui-testing";
		};
/* End PBXNativeTarget section */

/* Begin PBXProject section */
		FFBC5C142E06152E00DF78C5 /* Project object */ = {
			isa = PBXProject;
			attributes = {
				BuildIndependentTargetsInParallel = 1;
				LastSwiftUpdateCheck = 1640;
				LastUpgradeCheck = 1640;
				TargetAttributes = {
					FFBC5C1B2E06152E00DF78C5 = {
						CreatedOnToolsVersion = 16.4;
					};
					FFBC5C282E06152F00DF78C5 = {
						CreatedOnToolsVersion = 16.4;
						TestTargetID = FFBC5C1B2E06152E00DF78C5;
					};
					FFBC5C322E06152F00DF78C5 = {
						CreatedOnToolsVersion = 16.4;
						TestTargetID = FFBC5C1B2E06152E00DF78C5;
					};
				};
			};
			buildConfigurationList = FFBC5C172E06152E00DF78C5 /* Build configuration list for PBXProject "Football" */;
			developmentRegion = en;
			hasScannedForEncodings = 0;
			knownRegions = (
				en,
				Base,
			);
			mainGroup = FFBC5C132E06152E00DF78C5;
			minimizedProjectReferenceProxies = 1;
			preferredProjectObjectVersion = 77;
			productRefGroup = FFBC5C1D2E06152E00DF78C5 /* Products */;
			projectDirPath = "";
			projectRoot = "";
			targets = (
				FFBC5C1B2E06152E00DF78C5 /* Football */,
				FFBC5C282E06152F00DF78C5 /* FootballTests */,
				FFBC5C322E06152F00DF78C5 /* FootballUITests */,
			);
		};
/* End PBXProject section */

/* Begin PBXResourcesBuildPhase section */
		FFBC5C1A2E06152E00DF78C5 /* Resources */ = {
			isa = PBXResourcesBuildPhase;
			buildActionMask = 2147483647;
			files = (
			);
			runOnlyForDeploymentPostprocessing = 0;
		};
		FFBC5C272E06152F00DF78C5 /* Resources */ = {
			isa = PBXResourcesBuildPhase;
			buildActionMask = 2147483647;
			files = (
			);
			runOnlyForDeploymentPostprocessing = 0;
		};
		FFBC5C312E06152F00DF78C5 /* Resources */ = {
			isa = PBXResourcesBuildPhase;
			buildActionMask = 2147483647;
			files = (
			);
			runOnlyForDeploymentPostprocessing = 0;
		};
/* End PBXResourcesBuildPhase section */

/* Begin PBXSourcesBuildPhase section */
		FFBC5C182E06152E00DF78C5 /* Sources */ = {
			isa = PBXSourcesBuildPhase;
			buildActionMask = 2147483647;
			files = (
			);
			runOnlyForDeploymentPostprocessing = 0;
		};
		FFBC5C252E06152F00DF78C5 /* Sources */ = {
			isa = PBXSourcesBuildPhase;
			buildActionMask = 2147483647;
			files = (
			);
			runOnlyForDeploymentPostprocessing = 0;
		};
		FFBC5C2F2E06152F00DF78C5 /* Sources */ = {
			isa = PBXSourcesBuildPhase;
			buildActionMask = 2147483647;
			files = (
			);
			runOnlyForDeploymentPostprocessing = 0;
		};
/* End PBXSourcesBuildPhase section */

/* Begin PBXTargetDependency section */
		FFBC5C2B2E06152F00DF78C5 /* PBXTargetDependency */ = {
			isa = PBXTargetDependency;
			target = FFBC5C1B2E06152E00DF78C5 /* Football */;
			targetProxy = FFBC5C2A2E06152F00DF78C5 /* PBXContainerItemProxy */;
		};
		FFBC5C352E06152F00DF78C5 /* PBXTargetDependency */ = {
			isa = PBXTargetDependency;
			target = FFBC5C1B2E06152E00DF78C5 /* Football */;
			targetProxy = FFBC5C342E06152F00DF78C5 /* PBXContainerItemProxy */;
		};
/* End PBXTargetDependency section */

/* Begin XCBuildConfiguration section */
		FFBC5C3B2E06152F00DF78C5 /* Debug */ = {
			isa = XCBuildConfiguration;
			buildSettings = {
				ALWAYS_SEARCH_USER_PATHS = NO;
				ASSETCATALOG_COMPILER_GENERATE_SWIFT_ASSET_SYMBOL_EXTENSIONS = YES;
				CLANG_ANALYZER_NONNULL = YES;
				CLANG_ANALYZER_NUMBER_OBJECT_CONVERSION = YES_AGGRESSIVE;
				CLANG_CXX_LANGUAGE_STANDARD = "gnu++20";
				CLANG_ENABLE_MODULES = YES;
				CLANG_ENABLE_OBJC_ARC = YES;
				CLANG_ENABLE_OBJC_WEAK = YES;
				CLANG_WARN_BLOCK_CAPTURE_AUTORELEASING = YES;
				CLANG_WARN_BOOL_CONVERSION = YES;
				CLANG_WARN_COMMA = YES;
				CLANG_WARN_CONSTANT_CONVERSION = YES;
				CLANG_WARN_DEPRECATED_OBJC_IMPLEMENTATIONS = YES;
				CLANG_WARN_DIRECT_OBJC_ISA_USAGE = YES_ERROR;
				CLANG_WARN_DOCUMENTATION_COMMENTS = YES;
				CLANG_WARN_EMPTY_BODY = YES;
				CLANG_WARN_ENUM_CONVERSION = YES;
				CLANG_WARN_INFINITE_RECURSION = YES;
				CLANG_WARN_INT_CONVERSION = YES;
				CLANG_WARN_NON_LITERAL_NULL_CONVERSION = YES;
				CLANG_WARN_OBJC_IMPLICIT_RETAIN_SELF = YES;
				CLANG_WARN_OBJC_LITERAL_CONVERSION = YES;
				CLANG_WARN_OBJC_ROOT_CLASS = YES_ERROR;
				CLANG_WARN_QUOTED_INCLUDE_IN_FRAMEWORK_HEADER = YES;
				CLANG_WARN_RANGE_LOOP_ANALYSIS = YES;
				CLANG_WARN_STRICT_PROTOTYPES = YES;
				CLANG_WARN_SUSPICIOUS_MOVE = YES;
				CLANG_WARN_UNGUARDED_AVAILABILITY = YES_AGGRESSIVE;
				CLANG_WARN_UNREACHABLE_CODE = YES;
				CLANG_WARN__DUPLICATE_METHOD_MATCH = YES;
				COPY_PHASE_STRIP = NO;
				DEBUG_INFORMATION_FORMAT = dwarf;
				DEVELOPMENT_TEAM = JLK77Z97FY;
				ENABLE_STRICT_OBJC_MSGSEND = YES;
				ENABLE_TESTABILITY = YES;
				ENABLE_USER_SCRIPT_SANDBOXING = YES;
				GCC_C_LANGUAGE_STANDARD = gnu17;
				GCC_DYNAMIC_NO_PIC = NO;
				GCC_NO_COMMON_BLOCKS = YES;
				GCC_OPTIMIZATION_LEVEL = 0;
				GCC_PREPROCESSOR_DEFINITIONS = (
					"DEBUG=1",
					"$(inherited)",
				);
				GCC_WARN_64_TO_32_BIT_CONVERSION = YES;
				GCC_WARN_ABOUT_RETURN_TYPE = YES_ERROR;
				GCC_WARN_UNDECLARED_SELECTOR = YES;
				GCC_WARN_UNINITIALIZED_AUTOS = YES_AGGRESSIVE;
				GCC_WARN_UNUSED_FUNCTION = YES;
				GCC_WARN_UNUSED_VARIABLE = YES;
				IPHONEOS_DEPLOYMENT_TARGET = 18.5;
				LOCALIZATION_PREFERS_STRING_CATALOGS = YES;
				MTL_ENABLE_DEBUG_INFO = INCLUDE_SOURCE;
				MTL_FAST_MATH = YES;
				ONLY_ACTIVE_ARCH = YES;
				SDKROOT = iphoneos;
				SWIFT_ACTIVE_COMPILATION_CONDITIONS = "DEBUG $(inherited)";
				SWIFT_OPTIMIZATION_LEVEL = "-Onone";
			};
			name = Debug;
		};
		FFBC5C3C2E06152F00DF78C5 /* Release */ = {
			isa = XCBuildConfiguration;
			buildSettings = {
				ALWAYS_SEARCH_USER_PATHS = NO;
				ASSETCATALOG_COMPILER_GENERATE_SWIFT_ASSET_SYMBOL_EXTENSIONS = YES;
				CLANG_ANALYZER_NONNULL = YES;
				CLANG_ANALYZER_NUMBER_OBJECT_CONVERSION = YES_AGGRESSIVE;
				CLANG_CXX_LANGUAGE_STANDARD = "gnu++20";
				CLANG_ENABLE_MODULES = YES;
				CLANG_ENABLE_OBJC_ARC = YES;
				CLANG_ENABLE_OBJC_WEAK = YES;
				CLANG_WARN_BLOCK_CAPTURE_AUTORELEASING = YES;
				CLANG_WARN_BOOL_CONVERSION = YES;
				CLANG_WARN_COMMA = YES;
				CLANG_WARN_CONSTANT_CONVERSION = YES;
				CLANG_WARN_DEPRECATED_OBJC_IMPLEMENTATIONS = YES;
				CLANG_WARN_DIRECT_OBJC_ISA_USAGE = YES_ERROR;
				CLANG_WARN_DOCUMENTATION_COMMENTS = YES;
				CLANG_WARN_EMPTY_BODY = YES;
				CLANG_WARN_ENUM_CONVERSION = YES;
				CLANG_WARN_INFINITE_RECURSION = YES;
				CLANG_WARN_INT_CONVERSION = YES;
				CLANG_WARN_NON_LITERAL_NULL_CONVERSION = YES;
				CLANG_WARN_OBJC_IMPLICIT_RETAIN_SELF = YES;
				CLANG_WARN_OBJC_LITERAL_CONVERSION = YES;
				CLANG_WARN_OBJC_ROOT_CLASS = YES_ERROR;
				CLANG_WARN_QUOTED_INCLUDE_IN_FRAMEWORK_HEADER = YES;
				CLANG_WARN_RANGE_LOOP_ANALYSIS = YES;
				CLANG_WARN_STRICT_PROTOTYPES = YES;
				CLANG_WARN_SUSPICIOUS_MOVE = YES;
				CLANG_WARN_UNGUARDED_AVAILABILITY = YES_AGGRESSIVE;
				CLANG_WARN_UNREACHABLE_CODE = YES;
				CLANG_WARN__DUPLICATE_METHOD_MATCH = YES;
				COPY_PHASE_STRIP = NO;
				DEBUG_INFORMATION_FORMAT = "dwarf-with-dsym";
				DEVELOPMENT_TEAM = JLK77Z97FY;
				ENABLE_NS_ASSERTIONS = NO;
				ENABLE_STRICT_OBJC_MSGSEND = YES;
				ENABLE_USER_SCRIPT_SANDBOXING = YES;
				GCC_C_LANGUAGE_STANDARD = gnu17;
				GCC_NO_COMMON_BLOCKS = YES;
				GCC_WARN_64_TO_32_BIT_CONVERSION = YES;
				GCC_WARN_ABOUT_RETURN_TYPE = YES_ERROR;
				GCC_WARN_UNDECLARED_SELECTOR = YES;
				GCC_WARN_UNINITIALIZED_AUTOS = YES_AGGRESSIVE;
				GCC_WARN_UNUSED_FUNCTION = YES;
				GCC_WARN_UNUSED_VARIABLE = YES;
				IPHONEOS_DEPLOYMENT_TARGET = 18.5;
				LOCALIZATION_PREFERS_STRING_CATALOGS = YES;
				MTL_ENABLE_DEBUG_INFO = NO;
				MTL_FAST_MATH = YES;
				SDKROOT = iphoneos;
				SWIFT_COMPILATION_MODE = wholemodule;
				VALIDATE_PRODUCT = YES;
			};
			name = Release;
		};
		FFBC5C3E2E06152F00DF78C5 /* Debug */ = {
			isa = XCBuildConfiguration;
			buildSettings = {
				ASSETCATALOG_COMPILER_APPICON_NAME = AppIcon;
				ASSETCATALOG_COMPILER_GLOBAL_ACCENT_COLOR_NAME = AccentColor;
				CODE_SIGN_STYLE = Automatic;
				CURRENT_PROJECT_VERSION = 1;
				DEVELOPMENT_TEAM = JLK77Z97FY;
				ENABLE_PREVIEWS = YES;
				GENERATE_INFOPLIST_FILE = YES;
				INFOPLIST_KEY_UIApplicationSceneManifest_Generation = YES;
				INFOPLIST_KEY_UIApplicationSupportsIndirectInputEvents = YES;
				INFOPLIST_KEY_UILaunchScreen_Generation = YES;
				INFOPLIST_KEY_UISupportedInterfaceOrientations_iPad = "UIInterfaceOrientationPortrait UIInterfaceOrientationPortraitUpsideDown UIInterfaceOrientationLandscapeLeft UIInterfaceOrientationLandscapeRight";
				INFOPLIST_KEY_UISupportedInterfaceOrientations_iPhone = "UIInterfaceOrientationPortrait UIInterfaceOrientationLandscapeLeft UIInterfaceOrientationLandscapeRight";
				LD_RUNPATH_SEARCH_PATHS = (
					"$(inherited)",
					"@executable_path/Frameworks",
				);
				MARKETING_VERSION = 1.0;
				PRODUCT_BUNDLE_IDENTIFIER = com.giovannabriano.Football;
				PRODUCT_NAME = "$(TARGET_NAME)";
				SWIFT_EMIT_LOC_STRINGS = YES;
				SWIFT_VERSION = 5.0;
				TARGETED_DEVICE_FAMILY = "1,2";
			};
			name = Debug;
		};
		FFBC5C3F2E06152F00DF78C5 /* Release */ = {
			isa = XCBuildConfiguration;
			buildSettings = {
				ASSETCATALOG_COMPILER_APPICON_NAME = AppIcon;
				ASSETCATALOG_COMPILER_GLOBAL_ACCENT_COLOR_NAME = AccentColor;
				CODE_SIGN_STYLE = Automatic;
				CURRENT_PROJECT_VERSION = 1;
				DEVELOPMENT_TEAM = JLK77Z97FY;
				ENABLE_PREVIEWS = YES;
				GENERATE_INFOPLIST_FILE = YES;
				INFOPLIST_KEY_UIApplicationSceneManifest_Generation = YES;
				INFOPLIST_KEY_UIApplicationSupportsIndirectInputEvents = YES;
				INFOPLIST_KEY_UILaunchScreen_Generation = YES;
				INFOPLIST_KEY_UISupportedInterfaceOrientations_iPad = "UIInterfaceOrientationPortrait UIInterfaceOrientationPortraitUpsideDown UIInterfaceOrientationLandscapeLeft UIInterfaceOrientationLandscapeRight";
				INFOPLIST_KEY_UISupportedInterfaceOrientations_iPhone = "UIInterfaceOrientationPortrait UIInterfaceOrientationLandscapeLeft UIInterfaceOrientationLandscapeRight";
				LD_RUNPATH_SEARCH_PATHS = (
					"$(inherited)",
					"@executable_path/Frameworks",
				);
				MARKETING_VERSION = 1.0;
				PRODUCT_BUNDLE_IDENTIFIER = com.giovannabriano.Football;
				PRODUCT_NAME = "$(TARGET_NAME)";
				SWIFT_EMIT_LOC_STRINGS = YES;
				SWIFT_VERSION = 5.0;
				TARGETED_DEVICE_FAMILY = "1,2";
			};
			name = Release;
		};
		FFBC5C412E06152F00DF78C5 /* Debug */ = {
			isa = XCBuildConfiguration;
			buildSettings = {
				BUNDLE_LOADER = "$(TEST_HOST)";
				CODE_SIGN_STYLE = Automatic;
				CURRENT_PROJECT_VERSION = 1;
				DEVELOPMENT_TEAM = JLK77Z97FY;
				GENERATE_INFOPLIST_FILE = YES;
				IPHONEOS_DEPLOYMENT_TARGET = 18.5;
				MARKETING_VERSION = 1.0;
				PRODUCT_BUNDLE_IDENTIFIER = com.giovannabriano.FootballTests;
				PRODUCT_NAME = "$(TARGET_NAME)";
				SWIFT_EMIT_LOC_STRINGS = NO;
				SWIFT_VERSION = 5.0;
				TARGETED_DEVICE_FAMILY = "1,2";
				TEST_HOST = "$(BUILT_PRODUCTS_DIR)/Football.app/$(BUNDLE_EXECUTABLE_FOLDER_PATH)/Football";
			};
			name = Debug;
		};
		FFBC5C422E06152F00DF78C5 /* Release */ = {
			isa = XCBuildConfiguration;
			buildSettings = {
				BUNDLE_LOADER = "$(TEST_HOST)";
				CODE_SIGN_STYLE = Automatic;
				CURRENT_PROJECT_VERSION = 1;
				DEVELOPMENT_TEAM = JLK77Z97FY;
				GENERATE_INFOPLIST_FILE = YES;
				IPHONEOS_DEPLOYMENT_TARGET = 18.5;
				MARKETING_VERSION = 1.0;
				PRODUCT_BUNDLE_IDENTIFIER = com.giovannabriano.FootballTests;
				PRODUCT_NAME = "$(TARGET_NAME)";
				SWIFT_EMIT_LOC_STRINGS = NO;
				SWIFT_VERSION = 5.0;
				TARGETED_DEVICE_FAMILY = "1,2";
				TEST_HOST = "$(BUILT_PRODUCTS_DIR)/Football.app/$(BUNDLE_EXECUTABLE_FOLDER_PATH)/Football";
			};
			name = Release;
		};
		FFBC5C442E06152F00DF78C5 /* Debug */ = {
			isa = XCBuildConfiguration;
			buildSettings = {
				CODE_SIGN_STYLE = Automatic;
				CURRENT_PROJECT_VERSION = 1;
				DEVELOPMENT_TEAM = JLK77Z97FY;
				GENERATE_INFOPLIST_FILE = YES;
				MARKETING_VERSION = 1.0;
				PRODUCT_BUNDLE_IDENTIFIER = com.giovannabriano.FootballUITests;
				PRODUCT_NAME = "$(TARGET_NAME)";
				SWIFT_EMIT_LOC_STRINGS = NO;
				SWIFT_VERSION = 5.0;
				TARGETED_DEVICE_FAMILY = "1,2";
				TEST_TARGET_NAME = Football;
			};
			name = Debug;
		};
		FFBC5C452E06152F00DF78C5 /* Release */ = {
			isa = XCBuildConfiguration;
			buildSettings = {
				CODE_SIGN_STYLE = Automatic;
				CURRENT_PROJECT_VERSION = 1;
				DEVELOPMENT_TEAM = JLK77Z97FY;
				GENERATE_INFOPLIST_FILE = YES;
				MARKETING_VERSION = 1.0;
				PRODUCT_BUNDLE_IDENTIFIER = com.giovannabriano.FootballUITests;
				PRODUCT_NAME = "$(TARGET_NAME)";
				SWIFT_EMIT_LOC_STRINGS = NO;
				SWIFT_VERSION = 5.0;
				TARGETED_DEVICE_FAMILY = "1,2";
				TEST_TARGET_NAME = Football;
			};
			name = Release;
		};
/* End XCBuildConfiguration section */

/* Begin XCConfigurationList section */
		FFBC5C172E06152E00DF78C5 /* Build configuration list for PBXProject "Football" */ = {
			isa = XCConfigurationList;
			buildConfigurations = (
				FFBC5C3B2E06152F00DF78C5 /* Debug */,
				FFBC5C3C2E06152F00DF78C5 /* Release */,
			);
			defaultConfigurationIsVisible = 0;
			defaultConfigurationName = Release;
		};
		FFBC5C3D2E06152F00DF78C5 /* Build configuration list for PBXNativeTarget "Football" */ = {
			isa = XCConfigurationList;
			buildConfigurations = (
				FFBC5C3E2E06152F00DF78C5 /* Debug */,
				FFBC5C3F2E06152F00DF78C5 /* Release */,
			);
			defaultConfigurationIsVisible = 0;
			defaultConfigurationName = Release;
		};
		FFBC5C402E06152F00DF78C5 /* Build configuration list for PBXNativeTarget "FootballTests" */ = {
			isa = XCConfigurationList;
			buildConfigurations = (
				FFBC5C412E06152F00DF78C5 /* Debug */,
				FFBC5C422E06152F00DF78C5 /* Release */,
			);
			defaultConfigurationIsVisible = 0;
			defaultConfigurationName = Release;
		};
		FFBC5C432E06152F00DF78C5 /* Build configuration list for PBXNativeTarget "FootballUITests" */ = {
			isa = XCConfigurationList;
			buildConfigurations = (
				FFBC5C442E06152F00DF78C5 /* Debug */,
				FFBC5C452E06152F00DF78C5 /* Release */,
			);
			defaultConfigurationIsVisible = 0;
			defaultConfigurationName = Release;
		};
/* End XCConfigurationList section */
	};
	rootObject = FFBC5C142E06152E00DF78C5 /* Project object */;
}
